
Microsoft Visual Studio Solution File, Format Version 12.00
# Visual Studio Version 17
VisualStudioVersion = 17.2.32630.192
MinimumVisualStudioVersion = 10.0.40219.1
Project("{FAE04EC0-301F-11D3-BF4B-00C04F79EFBC}") = "SampleWeb", "SampleWeb\SampleWeb.csproj", "{2AADCB63-8E1D-4730-AC98-F603DB76AD52}"
EndProject
Global
	GlobalSection(SolutionConfigurationPlatforms) = preSolution
		Debug|Any CPU = Debug|Any CPU
		Release|Any CPU = Release|Any CPU
	EndGlobalSection
	GlobalSection(ProjectConfigurationPlatforms) = postSolution
		{2AADCB63-8E1D-4730-AC98-F603DB76AD52}.Debug|Any CPU.ActiveCfg = Debug|Any CPU
		{2AADCB63-8E1D-4730-AC98-F603DB76AD52}.Debug|Any CPU.Build.0 = Debug|Any CPU
		{2AADCB63-8E1D-4730-AC98-F603DB76AD52}.Release|Any CPU.ActiveCfg = Release|Any CPU
		{2AADCB63-8E1D-4730-AC98-F603DB76AD52}.Release|Any CPU.Build.0 = Release|Any CPU
	EndGlobalSection
	GlobalSection(SolutionProperties) = preSolution
		HideSolutionNode = FALSE
	EndGlobalSection
	GlobalSection(ExtensibilityGlobals) = postSolution
		SolutionGuid = {670808FC-4E43-4B68-B748-305A390B2493}
	EndGlobalSection
EndGlobal
